github.com/mfg92/hugo-shortcode-gallery v1.3.0 h1:7wiUUu7adN3JbcshZfZ+Q0ZLDilPoGkquoor0ZcdJVU=
github.com/mfg92/hugo-shortcode-gallery v1.3.0/go.mod h1:SEdbeBGSMX2lP+4nCqqy9AyTWWktUMWXYnR3r1l01Rw=
github.com/nunocoracao/blowfish/v2 v2.89.1 h1:Y2GssdIeel5ee6+WP8DHttn2BbQWX7ak5BKK6mAfO7o=
github.com/nunocoracao/blowfish/v2 v2.89.1/go.mod h1:4SkMc+Ht8gpQCwArqiHMBDP3soxi2OWuAhVney+cuyk=
